
Microsoft Visual Studio Solution File, Format Version 12.00
# Visual Studio Version 17
VisualStudioVersion = 17.13.35919.96
MinimumVisualStudioVersion = 10.0.40219.1
Project("{FAE04EC0-301F-11D3-BF4B-00C04F79EFBC}") = "SHS_Performans", "SHS_Performans\SHS_Performans.csproj", "{4E6F7EEB-D50D-4415-9DA2-1CF37C809644}"
EndProject
Project("{2150E333-8FDC-42A3-9474-1A3956D46DE8}") = "Çözüm Öğeleri", "Çözüm Öğeleri", "{AC80F682-3D55-C8F8-4895-A4A9EDD49434}"
EndProject
Global
	GlobalSection(SolutionConfigurationPlatforms) = preSolution
		Debug|Any CPU = Debug|Any CPU
		Release|Any CPU = Release|Any CPU
	EndGlobalSection
	GlobalSection(ProjectConfigurationPlatforms) = postSolution
		{4E6F7EEB-D50D-4415-9DA2-1CF37C809644}.Debug|Any CPU.ActiveCfg = Debug|Any CPU
		{4E6F7EEB-D50D-4415-9DA2-1CF37C809644}.Debug|Any CPU.Build.0 = Debug|Any CPU
		{4E6F7EEB-D50D-4415-9DA2-1CF37C809644}.Release|Any CPU.ActiveCfg = Release|Any CPU
		{4E6F7EEB-D50D-4415-9DA2-1CF37C809644}.Release|Any CPU.Build.0 = Release|Any CPU
	EndGlobalSection
	GlobalSection(SolutionProperties) = preSolution
		HideSolutionNode = FALSE
	EndGlobalSection
	GlobalSection(ExtensibilityGlobals) = postSolution
		SolutionGuid = {96DF56D0-379A-483B-8ACB-365FB6F2BA4C}
	EndGlobalSection
EndGlobal
